buf.build/gen/go/bufbuild/protovalidate/protocolbuffers/go v1.36.12-20260825204119-511051f7f437.2 h1:NbnlmV26O7oZ1iM5tsCI+GEx+3ZSdrhvnKQ/eWSrLiY=
buf.build/gen/go/bufbuild/protovalidate/protocolbuffers/go v1.36.12-20260825204119-511051f7f437.2/go.mod h1:TCt1lluMFnctISJXvkIQ4x3ABrPuUKCWKyjKdkJNBpw=
connectrpc.com/connect v1.21.0 h1:LhqSJt7jHf5NJBo9Jq/t/9FjcYAideif0mg+qe2jCUs=
connectrpc.com/connect v1.21.0/go.mod h1:A2ygJrukXwWy32vkCAAHNVguZrqZ+jeZ9rGRnGR4dN4=
github.com/cenkalti/backoff/v7 v7.0.1 h1:+ulHti5s1d9QnfyOnLWVmQ/SaZ+TJQF9OdOI0i9BGZI=
github.com/cenkalti/backoff/v7 v7.0.1/go.mod h1:qcKBGwsu4hpxHtQ8tWYsQ+ifzx2+sS+Xx/3jfe30lI8=
github.com/go-jose/go-jose/v4 v4.1.5 h1:RjgjO2LOtWOJKUC5wpwY9LR3B3vwVAz6JS2YHfYU6eA=
github.com/go-jose/go-jose/v4 v4.1.5/go.mod h1:x4oUasVrzR7071A4TnHLGSPpNOm2a21K9Kf04k1rs08=
github.com/google/go-cmp v0.7.0 h1:wk8382ETsv4JYUZwIsn6YpYiWiBsYLSJiTsyBybVuN8=
github.com/google/go-cmp v0.7.0/go.mod h1:pXiqmnSA92OHEEa9HXL2W4E7lf9JzCmGVUdgjX3N/iU=
github.com/google/go-tpm v0.9.8 h1:slArAR9Ft+1ybZu0lBwpSmpwhRXaa85hWtMinMyRAWo=
github.com/google/go-tpm v0.9.8/go.mod h1:h9jEsEECg7gtLis0upRBQU+GhYVH6jMjrFxI8u6bVUY=
github.com/google/go-tpm-tools v0.3.13-0.20230620182252-4639ecce2aba h1:qJEJcuLzH5KDR0gKc0zcktin6KSAwL7+jWKBYceddTc=
github.com/google/go-tpm-tools v0.3.13-0.20230620182252-4639ecce2aba/go.mod h1:EFYHy8/1y2KfgTAsx7Luu7NGhoxtuVHnNo8jE7FikKc=
github.com/kr/fs v0.1.0 h1:Jskdu9ieNAYnjxsi0LbQp1ulIKZV1LAFgK1tWhpZgl8=
github.com/kr/fs v0.1.0/go.mod h1:FFnZGqtBN9Gxj7eW1uZ42v5BccTP0vu6NEaFoC2HwRg=
github.com/mizuchilabs/kata v0.1.15 h1:elUyxJghTH+Ig25IEbHwSNMm3F4bHJPQOau+2vgs9WM=
github.com/mizuchilabs/kata v0.1.15/go.mod h1:s24K0qob5pRZAE57lWKnInhl2qGScuWmAOrLh9Zd4Oo=
github.com/nokku-sh/mon v0.1.8-0.20261009190952-573de22b5b6b h1:4pk+97VO6VCda5NQWcWtkQ+dVRt4a0zGm2HEDwFOaWM=
github.com/nokku-sh/mon v0.1.8-0.20261009190952-573de22b5b6b/go.mod h1:Rj0t2TS+dDM8utRjaZL7G6h4WiyhFoNmpCq4enZps/I=
github.com/nokku-sh/protos v0.2.9 h1:+aidyaa1cLvX+xSudFK2h1j9S61MUlET6TQKEySGLQo=
github.com/nokku-sh/protos v0.2.9/go.mod h1:0pzfYf3EwKMFzSDxiOVQUbw/fufb7FgWdE578rJF1SY=
github.com/pkg/sftp v1.13.11 h1:0N92SLTB8JqASJB14ZLHHzFnBV8mG9zw4K7jghEFWuE=
github.com/pkg/sftp v1.13.11/go.mod h1:uNkH9roSXglNJqM+glJJi+TQXQUm0fXFWqCFmT8hsN0=
github.com/stretchr/testify v1.12.1 h1:EuwCh5fleGS7H32xRwO3wRGT7DxrDhLAT6FF8MpWDWE=
github.com/stretchr/testify v1.12.1/go.mod h1:MDEgiDPPsNp5cuIrHPPCyornHKgEVbtFUmoNlxoYthg=
github.com/urfave/cli/v3 v3.14.0 h1:a8414NQlHJs0c/iBsulKLzlES0n/lEAskbL2LKpU4/s=
github.com/urfave/cli/v3 v3.14.0/go.mod h1:vXn6HxPNccJSzQr2QvwVncOKrgYGIHU0HY5h8B2nQj4=
go.yaml.in/yaml/v3 v3.0.5 h1:N6y/pJk8buWs9NY5ERU2HSMfm+IuD/OtfdAnq6kESPw=
go.yaml.in/yaml/v3 v3.0.5/go.mod h1:HVTZu1O7/Vkt2N+BFy8Zza+lnLsABggaTM2ZpNIGuKg=
golang.org/x/crypto v0.57.0 h1:3ZVCjf8Ggz7zneR/EHRVx68Ctf+2pmIMP2UFhh9cC6M=
golang.org/x/crypto v0.57.0/go.mod h1:Fdz0i5U6CoizGwLda9DttjSk6qlZo25zYNtR+ycvuZA=
golang.org/x/sys v0.48.0 h1:bbX/i/6MgT9BVLM9RT1thmxL04yeTAhbEz4SyadbXoo=
golang.org/x/sys v0.48.0/go.mod h1:hNLxWAXmnKAxqDtdwIYC4bM9oQPEecfsnNMuSxOs3og=
golang.org/x/term v0.46.0 h1:3+OXuTbaKDgwk8jTi3aSLHRlmWqHEUDUtxnbFigO4YE=
golang.org/x/term v0.46.0/go.mod h1:+K02xbkittuwc0Am4abfA3Fc+XRGXkvBXNO88NCXPoc=
google.golang.org/protobuf v1.36.12 h1:pJOKDDOyeXErUroCihFAd5LQuwXBSpVnKGrj5o/fwxc=
google.golang.org/protobuf v1.36.12/go.mod h1:HTf+CrKn2C3g5S8VImy6tdcUvCska2kB7j23XfzDpco=
